lockfileVersion: '9.0'

settings:
  autoInstallPeers: true
  excludeLinksFromLockfile: false

importers:

  .:
    dependencies:
      '@antv/x6':
        specifier: ^2.19.2
        version: 2.19.2
      '@antv/x6-plugin-clipboard':
        specifier: 2.1.6
        version: 2.1.6(@antv/x6@2.19.2)
      '@antv/x6-plugin-dnd':
        specifier: ^2.1.1
        version: 2.1.1(@antv/x6@2.19.2)
      '@antv/x6-plugin-history':
        specifier: ^2.2.4
        version: 2.2.4(@antv/x6@2.19.2)
      '@antv/x6-plugin-keyboard':
        specifier: ^2.2.3
        version: 2.2.3(@antv/x6@2.19.2)
      '@antv/x6-plugin-minimap':
        specifier: ^2.0.7
        version: 2.0.7(@antv/x6@2.19.2)
      '@antv/x6-plugin-selection':
        specifier: ^2.2.2
        version: 2.2.2(@antv/x6@2.19.2)
      '@antv/x6-plugin-snapline':
        specifier: ^2.1.7
        version: 2.1.7(@antv/x6@2.19.2)
      '@antv/x6-plugin-transform':
        specifier: ^2.1.8
        version: 2.1.8(@antv/x6@2.19.2)
      '@element-plus/icons-vue':
        specifier: ^2.3.0
        version: 2.3.2(vue@3.5.34(typescript@5.4.2))
      axios:
        specifier: ^1.7.0
        version: 1.16.1
      element-plus:
        specifier: ^2.7.0
        version: 2.14.0(vue@3.5.34(typescript@5.4.2))
      pinia:
        specifier: ^2.1.0
        version: 2.3.1(typescript@5.4.2)(vue@3.5.34(typescript@5.4.2))
      vue:
        specifier: ^3.4.0
        version: 3.5.34(typescript@5.4.2)
      vue-i18n:
        specifier: ^9.14.5
        version: 9.14.5(vue@3.5.34(typescript@5.4.2))
      vue-router:
        specifier: ^4.3.0
        version: 4.6.4(vue@3.5.34(typescript@5.4.2))
    devDependencies:
      '@types/node':
        specifier: ^20.0.0
        version: 20.19.41
      '@vitejs/plugin-vue':
        specifier: ^5.0.0
        version: 5.0.0(vite@5.4.0(@types/node@20.19.41))(vue@3.5.34(typescript@5.4.2))
      typescript:
        specifier: ~5.4.0
        version: 5.4.2
      vite:
        specifier: ^5.4.0
        version: 5.4.0(@types/node@20.19.41)
      vue-tsc:
        specifier: ^2.0.0
        version: 2.0.0(typescript@5.4.2)

packages:

  '@antv/x6-common@2.0.16':
    resolution: {integrity: sha512-iT60SnTpzoXJwURH+ERYGsTQ8lOuXd7nBuDhgx135VdBG88TizgKrSknz35k8+6j6Qv7O8mRDCGmi2He9li8kg==}

  '@antv/x6-geometry@2.0.5':
    resolution: {integrity: sha512-MId6riEQkxphBpVeTcL4ZNXL4lScyvDEPLyIafvWMcWNTGK0jgkK7N20XSzqt8ltJb0mGUso5s56mrk8ysHu2A==}

  '@antv/x6-plugin-clipboard@2.1.6':
    resolution: {integrity: sha512-roZPLnZx6PK8MBvee0QMo90fz/TXeF0WNe4EGin2NBq5M1I5XTWrYvA6N2XVIiWAAI67gjQeEE8TpkL7f8QdqA==}
    peerDependencies:
      '@antv/x6': ^2.x

  '@antv/x6-plugin-dnd@2.1.1':
    resolution: {integrity: sha512-v0szzik1RkadPDn4Qi5mOSaB2AeI78D40/YuCYbPVzplG+HydGsHwO3MLTgJPQ+R5n0eM0W5F850p1VfTOHR7g==}
    peerDependencies:
      '@antv/x6': ^2.x

  '@antv/x6-plugin-history@2.2.4':
    resolution: {integrity: sha512-9gHHvEW4Fla+1hxUV49zNgJyIMoV9CjVM52MrFgAJcvyRn1Kvxz4MfxiKlG+DEZUs+/zvfjl9pS6gJOd8laRkg==}
    peerDependencies:
      '@antv/x6': ^2.x

  '@antv/x6-plugin-keyboard@2.2.3':
    resolution: {integrity: sha512-pnCIC+mDyKKfkcDyLePfGxKVIqXBcldTgannITkHC1kc0IafRS1GMvzpvuDGrM5haRYd6Nwz8kjkJyHkJE4GPA==}
    peerDependencies:
      '@antv/x6': ^2.x

  '@antv/x6-plugin-minimap@2.0.7':
    resolution: {integrity: sha512-8zzESCx0jguFPCOKCA0gPFb6JmRgq81CXXtgJYe34XhySdZ6PB23I5Po062lNsEuTjTjnzli4lju8vvU+jzlGw==}
    peerDependencies:
      '@antv/x6': ^2.x

  '@antv/x6-plugin-selection@2.2.2':
    resolution: {integrity: sha512-s2gtR9Onlhr7HOHqyqg0d+4sG76JCcQEbvrZZ64XmSChlvieIPlC3YtH4dg1KMNhYIuBmBmpSum6S0eVTEiPQw==}
    peerDependencies:
      '@antv/x6': ^2.x

  '@antv/x6-plugin-snapline@2.1.7':
    resolution: {integrity: sha512-AsysoCb9vES0U2USNhEpYuO/W8I0aYfkhlbee5Kt4NYiMfQfZKQyqW/YjDVaS2pm38C1NKu1LdPVk/BBr4CasA==}
    peerDependencies:
      '@antv/x6': ^2.x

  '@antv/x6-plugin-transform@2.1.8':
    resolution: {integrity: sha512-GvJuiJ4BKp0H7+qx3R1I+Vzbw5gXp9+oByXo/WyVxE3urOC7LC5sqnaDfIjyYMN6ROLPYPZraLSeSyYBgMgcDw==}
    peerDependencies:
      '@antv/x6': ^2.x

  '@antv/x6@2.19.2':
    resolution: {integrity: sha512-lr9sUAlrR7eSVANru8kUNZUqCRl7eOCgb36M61FMDonUYREwkHpRN+0zq+1egSSOdz3HHSDBjs7UMtGH1ZEg2w==}

  '@babel/helper-string-parser@7.29.7':
    resolution: {integrity: sha512-Pb5ijPrZ89GDH8223L4UP8i6QApWxs04RbPQJTeWDV0/keR2E36MeKnyr6LYmUUvqRRI+Iv87SuF1W6ErINzYw==}
    engines: {node: '>=6.9.0'}

  '@babel/helper-validator-identifier@7.29.7':
    resolution: {integrity: sha512-qehxGkRj55h/ff8EMaJ+cYhyaKlHIxqYDn682wQD7RNp9UujOQsHog2uS0r2vzr4pW+sXf90NeeayjcNaX3fFg==}
    engines: {node: '>=6.9.0'}

  '@babel/parser@7.29.7':
    resolution: {integrity: sha512-hnORnjP/1P/zFEndoeX+n+t1RwWRJiJpM/jO7FW32Kn9r5+sJB2JWOdYo4L6k78j15eCwY3Gm/7364B1EMwtNg==}
    engines: {node: '>=6.0.0'}
    hasBin: true

  '@babel/types@7.29.7':
    resolution: {integrity: sha512-4zBIxpPzowiZpusoFkyGVwakdRJUyuH5PxQ/PrqghfdFWWasvnCdPfQXHrenDai+gyLARulZjZowCOj6fjT4pA==}
    engines: {node: '>=6.9.0'}

  '@ctrl/tinycolor@4.2.0':
    resolution: {integrity: sha512-kzyuwOAQnXJNLS9PSyrk0CWk35nWJW/zl/6KvnTBMFK65gm7U1/Z5BqjxeapjZCIhQcM/DsrEmcbRwDyXyXK4A==}
    engines: {node: '>=14'}

  '@element-plus/icons-vue@2.3.2':
    resolution: {integrity: sha512-OzIuTaIfC8QXEPmJvB4Y4kw34rSXdCJzxcD1kFStBvr8bK6X1zQAYDo0CNMjojnfTqRQCJ0I7prlErcoRiET2A==}
    peerDependencies:
      vue: ^3.2.0

  '@esbuild/aix-ppc64@0.21.3':
    resolution: {integrity: sha512-yTgnwQpFVYfvvo4SvRFB0SwrW8YjOxEoT7wfMT7Ol5v7v5LDNvSGo67aExmxOb87nQNeWPVvaGBNfQ7BXcrZ9w==}
    engines: {node: '>=12'}
    cpu: [ppc64]
    os: [aix]

  '@esbuild/android-arm64@0.21.3':
    resolution: {integrity: sha512-c+ty9necz3zB1Y+d/N+mC6KVVkGUUOcm4ZmT5i/Fk5arOaY3i6CA3P5wo/7+XzV8cb4GrI/Zjp8NuOQ9Lfsosw==}
    engines: {node: '>=12'}
    cpu: [arm64]
    os: [android]

  '@esbuild/android-arm@0.21.3':
    resolution: {integrity: sha512-bviJOLMgurLJtF1/mAoJLxDZDL6oU5/ztMHnJQRejbJrSc9FFu0QoUoFhvi6qSKJEw9y5oGyvr9fuDtzJ30rNQ==}
    engines: {node: '>=12'}
    cpu: [arm]
    os: [android]

  '@esbuild/android-x64@0.21.3':
    resolution: {integrity: sha512-JReHfYCRK3FVX4Ra+y5EBH1b9e16TV2OxrPAvzMsGeES0X2Ndm9ImQRI4Ket757vhc5XBOuGperw63upesclRw==}
    engines: {node: '>=12'}
    cpu: [x64]
    os: [android]

  '@esbuild/darwin-arm64@0.21.3':
    resolution: {integrity: sha512-U3fuQ0xNiAkXOmQ6w5dKpEvXQRSpHOnbw7gEfHCRXPeTKW9sBzVck6C5Yneb8LfJm0l6le4NQfkNPnWMSlTFUQ==}
    engines: {node: '>=12'}
    cpu: [arm64]
    os: [darwin]

  '@esbuild/darwin-x64@0.21.3':
    resolution: {integrity: sha512-3m1CEB7F07s19wmaMNI2KANLcnaqryJxO1fXHUV5j1rWn+wMxdUYoPyO2TnAbfRZdi7ADRwJClmOwgT13qlP3Q==}
    engines: {node: '>=12'}
    cpu: [x64]
    os: [darwin]

  '@esbuild/freebsd-arm64@0.21.3':
    resolution: {integrity: sha512-fsNAAl5pU6wmKHq91cHWQT0Fz0vtyE1JauMzKotrwqIKAswwP5cpHUCxZNSTuA/JlqtScq20/5KZ+TxQdovU/g==}
    engines: {node: '>=12'}
    cpu: [arm64]
    os: [freebsd]

  '@esbuild/freebsd-x64@0.21.3':
    resolution: {integrity: sha512-tci+UJ4zP5EGF4rp8XlZIdq1q1a/1h9XuronfxTMCNBslpCtmk97Q/5qqy1Mu4zIc0yswN/yP/BLX+NTUC1bXA==}
    engines: {node: '>=12'}
    cpu: [x64]
    os: [freebsd]

  '@esbuild/linux-arm64@0.21.3':
    resolution: {integrity: sha512-vvG6R5g5ieB4eCJBQevyDMb31LMHthLpXTc2IGkFnPWS/GzIFDnaYFp558O+XybTmYrVjxnryru7QRleJvmZ6Q==}
    engines: {node: '>=12'}
    cpu: [arm64]
    os: [linux]

  '@esbuild/linux-arm@0.21.3':
    resolution: {integrity: sha512-f6kz2QpSuyHHg01cDawj0vkyMwuIvN62UAguQfnNVzbge2uWLhA7TCXOn83DT0ZvyJmBI943MItgTovUob36SQ==}
    engines: {node: '>=12'}
    cpu: [arm]
    os: [linux]

  '@esbuild/linux-ia32@0.21.3':
    resolution: {integrity: sha512-HjCWhH7K96Na+66TacDLJmOI9R8iDWDDiqe17C7znGvvE4sW1ECt9ly0AJ3dJH62jHyVqW9xpxZEU1jKdt+29A==}
    engines: {node: '>=12'}
    cpu: [ia32]
    os: [linux]

  '@esbuild/linux-loong64@0.21.3':
    resolution: {integrity: sha512-BGpimEccmHBZRcAhdlRIxMp7x9PyJxUtj7apL2IuoG9VxvU/l/v1z015nFs7Si7tXUwEsvjc1rOJdZCn4QTU+Q==}
    engines: {node: '>=12'}
    cpu: [loong64]
    os: [linux]

  '@esbuild/linux-mips64el@0.21.3':
    resolution: {integrity: sha512-5rMOWkp7FQGtAH3QJddP4w3s47iT20hwftqdm7b+loe95o8JU8ro3qZbhgMRy0VuFU0DizymF1pBKkn3YHWtsw==}
    engines: {node: '>=12'}
    cpu: [mips64el]
    os: [linux]

  '@esbuild/linux-ppc64@0.21.3':
    resolution: {integrity: sha512-h0zj1ldel89V5sjPLo5H1SyMzp4VrgN1tPkN29TmjvO1/r0MuMRwJxL8QY05SmfsZRs6TF0c/IDH3u7XYYmbAg==}
    engines: {node: '>=12'}
    cpu: [ppc64]
    os: [linux]

  '@esbuild/linux-riscv64@0.21.3':
    resolution: {integrity: sha512-dkAKcTsTJ+CRX6bnO17qDJbLoW37npd5gSNtSzjYQr0svghLJYGYB0NF1SNcU1vDcjXLYS5pO4qOW4YbFama4A==}
    engines: {node: '>=12'}
    cpu: [riscv64]
    os: [linux]

  '@esbuild/linux-s390x@0.21.3':
    resolution: {integrity: sha512-vnD1YUkovEdnZWEuMmy2X2JmzsHQqPpZElXx6dxENcIwTu+Cu5ERax6+Ke1QsE814Zf3c6rxCfwQdCTQ7tPuXA==}
    engines: {node: '>=12'}
    cpu: [s390x]
    os: [linux]

  '@esbuild/linux-x64@0.21.3':
    resolution: {integrity: sha512-IOXOIm9WaK7plL2gMhsWJd+l2bfrhfilv0uPTptoRoSb2p09RghhQQp9YY6ZJhk/kqmeRt6siRdMSLLwzuT0KQ==}
    engines: {node: '>=12'}
    cpu: [x64]
    os: [linux]

  '@esbuild/netbsd-x64@0.21.3':
    resolution: {integrity: sha512-uTgCwsvQ5+vCQnqM//EfDSuomo2LhdWhFPS8VL8xKf+PKTCrcT/2kPPoWMTs22aB63MLdGMJiE3f1PHvCDmUOw==}
    engines: {node: '>=12'}
    cpu: [x64]
    os: [netbsd]

  '@esbuild/openbsd-x64@0.21.3':
    resolution: {integrity: sha512-vNAkR17Ub2MgEud2Wag/OE4HTSI6zlb291UYzHez/psiKarp0J8PKGDnAhMBcHFoOHMXHfExzmjMojJNbAStrQ==}
    engines: {node: '>=12'}
    cpu: [x64]
    os: [openbsd]

  '@esbuild/sunos-x64@0.21.3':
    resolution: {integrity: sha512-W8H9jlGiSBomkgmouaRoTXo49j4w4Kfbl6I1bIdO/vT0+0u4f20ko3ELzV3hPI6XV6JNBVX+8BC+ajHkvffIJA==}
    engines: {node: '>=12'}
    cpu: [x64]
    os: [sunos]

  '@esbuild/win32-arm64@0.21.3':
    resolution: {integrity: sha512-EjEomwyLSCg8Ag3LDILIqYCZAq/y3diJ04PnqGRgq8/4O3VNlXyMd54j/saShaN4h5o5mivOjAzmU6C3X4v0xw==}
    engines: {node: '>=12'}
    cpu: [arm64]
    os: [win32]

  '@esbuild/win32-ia32@0.21.3':
    resolution: {integrity: sha512-WGiE/GgbsEwR33++5rzjiYsKyHywE8QSZPF7Rfx9EBfK3Qn3xyR6IjyCr5Uk38Kg8fG4/2phN7sXp4NPWd3fcw==}
    engines: {node: '>=12'}
    cpu: [ia32]
    os: [win32]

  '@esbuild/win32-x64@0.21.3':
    resolution: {integrity: sha512-xRxC0jaJWDLYvcUvjQmHCJSfMrgmUuvsoXgDeU/wTorQ1ngDdUBuFtgY3W1Pc5sprGAvZBtWdJX7RPg/iZZUqA==}
    engines: {node: '>=12'}
    cpu: [x64]
    os: [win32]

  '@floating-ui/core@1.7.5':
    resolution: {integrity: sha512-1Ih4WTWyw0+lKyFMcBHGbb5U5FtuHJuujoyyr5zTaWS5EYMeT6Jb2AuDeftsCsEuchO+mM2ij5+q9crhydzLhQ==}

  '@floating-ui/dom@1.7.6':
    resolution: {integrity: sha512-9gZSAI5XM36880PPMm//9dfiEngYoC6Am2izES1FF406YFsjvyBMmeJ2g4SAju3xWwtuynNRFL2s9hgxpLI5SQ==}

  '@floating-ui/utils@0.2.11':
    resolution: {integrity: sha512-RiB/yIh78pcIxl6lLMG0CgBXAZ2Y0eVHqMPYugu+9U0AeT6YBeiJpf7lbdJNIugFP5SIjwNRgo4DhR1Qxi26Gg==}

  '@intlify/core-base@9.14.5':
    resolution: {integrity: sha512-5ah5FqZG4pOoHjkvs8mjtv+gPKYU0zCISaYNjBNNqYiaITxW8ZtVih3GS/oTOqN8d9/mDLyrjD46GBApNxmlsA==}
    engines: {node: '>= 16'}

  '@intlify/message-compiler@9.14.5':
    resolution: {integrity: sha512-IHzgEu61/YIpQV5Pc3aRWScDcnFKWvQA9kigcINcCBXN8mbW+vk9SK+lDxA6STzKQsVJxUPg9ACC52pKKo3SVQ==}
    engines: {node: '>= 16'}

  '@intlify/shared@9.14.5':
    resolution: {integrity: sha512-9gB+E53BYuAEMhbCAxVgG38EZrk59sxBtv3jSizNL2hEWlgjBjAw1AwpLHtNaeda12pe6W20OGEa0TwuMSRbyQ==}
    engines: {node: '>= 16'}

  '@jridgewell/sourcemap-codec@1.5.5':
    resolution: {integrity: sha512-cYQ9310grqxueWbl+WuIUIaiUaDcj7WOq5fVhEljNVgRfOUhY9fy2zTvfoqWsnebh8Sl70VScFbICvJnLKB0Og==}

  '@rollup/rollup-android-arm-eabi@4.60.4':
    resolution: {integrity: sha512-F5QXMSiFebS9hKZj02XhWLLnRpJ3B3AROP0tWbFBSj+6kCbg5m9j5JoHKd4mmSVy5mS/IMQloYgYxCuJC0fxEQ==}
    cpu: [arm]
    os: [android]

  '@rollup/rollup-android-arm64@4.60.4':
    resolution: {integrity: sha512-GxxTKApUpzRhof7poWvCJHRF51C67u1R7D6DiluBE8wKU1u5GWE8t+v81JvJYtbawoBFX1hLv5Ei4eVjkWokaw==}
    cpu: [arm64]
    os: [android]

  '@rollup/rollup-darwin-arm64@4.60.4':
    resolution: {integrity: sha512-tua0TaJxMOB1R0V0RS1jFZ/RpURFDJIOR2A6jWwQeawuFyS4gBW+rntLRaQd0EQ4bd6Vp44Z2rXW+YYDBsj6IA==}
    cpu: [arm64]
    os: [darwin]

  '@rollup/rollup-darwin-x64@4.60.4':
    resolution: {integrity: sha512-CSKq7MsP+5PFIcydhAiR1K0UhEI1A2jWXVKHPCBZ151yOutENwvnPocgVHkivu2kviURtCEB6zUQw0vs8RrhMg==}
    cpu: [x64]
    os: [darwin]

  '@rollup/rollup-freebsd-arm64@4.60.4':
    resolution: {integrity: sha512-+O8OkVdyvXMtJEciu2wS/pzm1IxntEEQx3z5TAVy4l32G0etZn+RsA48ARRrFm6Ri8fvqPQfgrvNxSjKAbnd3g==}
    cpu: [arm64]
    os: [freebsd]

  '@rollup/rollup-freebsd-x64@4.60.4':
    resolution: {integrity: sha512-Iw3oMskH3AfNuhU0MSN7vNbdi4me/NiYo2azqPz/Le16zHSa+3RRmliCMWWQmh4lcndccU40xcJuTYJZxNo/lw==}
    cpu: [x64]
    os: [freebsd]

  '@rollup/rollup-linux-arm-gnueabihf@4.60.4':
    resolution: {integrity: sha512-EIPRXTVQpHyF8WOo219AD2yEltPehLTcTMz2fn6JsatLYSzQf00hj3rulF+yauOlF9/FtM2WpkT/hJh/KJFGhA==}
    cpu: [arm]
    os: [linux]
    libc: [glibc]

  '@rollup/rollup-linux-arm-musleabihf@4.60.4':
    resolution: {integrity: sha512-J3Yh9PzzF1Ovah2At+lHiGQdsYgArxBbXv/zHfSyaiFQEqvNv7DcW98pCrmdjCZBrqBiKrKKe2V+aaSGWuBe/w==}
    cpu: [arm]
    os: [linux]
    libc: [musl]

  '@rollup/rollup-linux-arm64-gnu@4.60.4':
    resolution: {integrity: sha512-BFDEZMYfUvLn37ONE1yMBojPxnMlTFsdyNoqncT0qFq1mAfllL+ATMMJd8TeuVMiX84s1KbcxcZbXInmcO2mRg==}
    cpu: [arm64]
    os: [linux]
    libc: [glibc]

  '@rollup/rollup-linux-arm64-musl@4.60.4':
    resolution: {integrity: sha512-pc9EYOSlOgdQ2uPl1o9PF6/kLSgaUosia7gOuS8mB69IxJvlclko1MECXysjs5ryez1/5zjYqx3+xYU0TU6R1A==}
    cpu: [arm64]
    os: [linux]
    libc: [musl]

  '@rollup/rollup-linux-loong64-gnu@4.60.4':
    resolution: {integrity: sha512-NxnomyxYerDh5n4iLrNa+sH+Z+U4BMEE46V2PgQ/hoB909i8gV1M5wPojWg9fk1jWpO3IQnOs20K4wyZuFLEFQ==}
    cpu: [loong64]
    os: [linux]
    libc: [glibc]

  '@rollup/rollup-linux-loong64-musl@4.60.4':
    resolution: {integrity: sha512-nbJnQ8a3z1mtmrwImCYhc6BGpThAyYVRQxw9uKSKG4wR6aAYno9sVjJ0zaZcW9BPJX1GbrDPf+SvdWjgTuDmnw==}
    cpu: [loong64]
    os: [linux]
    libc: [musl]

  '@rollup/rollup-linux-ppc64-gnu@4.60.4':
    resolution: {integrity: sha512-2EU6acNrQLd8tYvo/LXW535wupT3m6fo7HKo6lr7ktQoItxTyOL1ZCR/GfGCuXl2vR+zmfI6eRXkSemafv+iVg==}
    cpu: [ppc64]
    os: [linux]
    libc: [glibc]

  '@rollup/rollup-linux-ppc64-musl@4.60.4':
    resolution: {integrity: sha512-WeBtoMuaMxiiIrO2IYP3xs6GMWkJP2C0EoT8beTLkUPmzV1i/UcOSVw1d5r9KBODtHKilG5yFxsGRnBbK3wJ4A==}
    cpu: [ppc64]
    os: [linux]
    libc: [musl]

  '@rollup/rollup-linux-riscv64-gnu@4.60.4':
    resolution: {integrity: sha512-FJHFfqpKUI3A10WrWKiFbBZ7yVbGT4q4B5o1qKFFojqpaYoh9LrQgqWCmmcxQzVSXYtyB5bzkXrYzlHTs21MYA==}
    cpu: [riscv64]
    os: [linux]
    libc: [glibc]

  '@rollup/rollup-linux-riscv64-musl@4.60.4':
    resolution: {integrity: sha512-mcEl6CUT5IAUmQf1m9FYSmVqCJlpQ8r8eyftFUHG8i9OhY7BkBXSUdnLH5DOf0wCOjcP9v/QO93zpmF1SptCCw==}
    cpu: [riscv64]
    os: [linux]
    libc: [musl]

  '@rollup/rollup-linux-s390x-gnu@4.60.4':
    resolution: {integrity: sha512-ynt3JxVd2w2buzoKDWIyiV1pJW93xlQic1THVLXilz429oijRpSHivZAgp65KBu+cMcgf1eVVjdnTLvPxgCuoQ==}
    cpu: [s390x]
    os: [linux]
    libc: [glibc]

  '@rollup/rollup-linux-x64-gnu@4.60.4':
    resolution: {integrity: sha512-Boiz5+MsaROEWDf+GGEwF8VMHGhlUoQMtIPjOgA5fv4osupqTVnJteQNKJwUcnUog2G55jYXH7KZFFiJe0TEzQ==}
    cpu: [x64]
    os: [linux]
    libc: [glibc]

  '@rollup/rollup-linux-x64-musl@4.60.4':
    resolution: {integrity: sha512-+qfSY27qIrFfI/Hom04KYFw3GKZSGU4lXus51wsb5EuySfFlWRwjkKWoE9emgRw/ukoT4Udsj4W/+xxG8VbPKg==}
    cpu: [x64]
    os: [linux]
    libc: [musl]

  '@rollup/rollup-openbsd-x64@4.60.4':
    resolution: {integrity: sha512-VpTfOPHgVXEBeeR8hZ2O0F3aSso+JDWqTWmTmzcQKted54IAdUVbxE+j/MVxUsKa8L20HJhv3vUezVPoquqWjA==}
    cpu: [x64]
    os: [openbsd]

  '@rollup/rollup-openharmony-arm64@4.60.4':
    resolution: {integrity: sha512-IPOsh5aRYuLv/nkU51X10Bf75Bsf6+gZdx1X+QP5QM6lIJFHHqbHLG0uJn/hWthzo13UAc2umiUorqZy3axoZg==}
    cpu: [arm64]
    os: [openharmony]

  '@rollup/rollup-win32-arm64-msvc@4.60.4':
    resolution: {integrity: sha512-4QzE9E81OohJ/HKzHhsqU+zcYYojVOXlFMs1DdyMT6qXl/niOH7AVElmmEdUNHHS/oRkc++d5k6Vy85zFs0DEw==}
    cpu: [arm64]
    os: [win32]

  '@rollup/rollup-win32-ia32-msvc@4.60.4':
    resolution: {integrity: sha512-zTPgT1YuHHcd+Tmx7h8aml0FWFVelV5N54oHow9SLj+GfoDy/huQ+UV396N/C7KpMDMiPspRktzM1/0r1usYEA==}
    cpu: [ia32]
    os: [win32]

  '@rollup/rollup-win32-x64-gnu@4.60.4':
    resolution: {integrity: sha512-DRS4G7mi9lJxqEDezIkKCaUIKCrLUUDCUaCsTPCi/rtqaC6D/jjwslMQyiDU50Ka0JKpeXeRBFBAXwArY52vBw==}
    cpu: [x64]
    os: [win32]

  '@rollup/rollup-win32-x64-msvc@4.60.4':
    resolution: {integrity: sha512-QVTUovf40zgTqlFVrKA1uXMVvU2QWEFWfAH8Wdc48IxLvrJMQVMBRjuQyUpzZCDkakImib9eVazbWlC6ksWtJw==}
    cpu: [x64]
    os: [win32]

  '@sxzz/popperjs-es@2.11.8':
    resolution: {integrity: sha512-wOwESXvvED3S8xBmcPWHs2dUuzrE4XiZeFu7e1hROIJkm02a49N120pmOXxY33sBb6hArItm5W5tcg1cBtV+HQ==}

  '@types/estree@1.0.8':
    resolution: {integrity: sha512-dWHzHa2WqEXI/O1E9OjrocMTKJl2mSrEolh1Iomrv6U+JuNwaHXsXx9bLu5gG7BUWFIN0skIQJQ/L1rIex4X6w==}

  '@types/lodash-es@4.17.12':
    resolution: {integrity: sha512-0NgftHUcV4v34VhXm8QBSftKVXtbkBG3ViCjs6+eJ5a6y6Mi/jiFGPc1sC7QK+9BFhWrURE3EOggmWaSxL9OzQ==}

  '@types/lodash@4.17.24':
    resolution: {integrity: sha512-gIW7lQLZbue7lRSWEFql49QJJWThrTFFeIMJdp3eH4tKoxm1OvEPg02rm4wCCSHS0cL3/Fizimb35b7k8atwsQ==}

  '@types/node@20.19.41':
    resolution: {integrity: sha512-ECymXOukMnOoVkC2bb1Vc/w/836DXncOg5m8Xj1RH7xSHZJWNYY6Zh7EH477vcnD5egKNNfy2RpNOmuChhFPgQ==}

  '@types/web-bluetooth@0.0.21':
    resolution: {integrity: sha512-oIQLCGWtcFZy2JW77j9k8nHzAOpqMHLQejDA48XXMWH6tjCQHz5RCFz1bzsmROyL6PUm+LLnUiI4BCn221inxA==}

  '@vitejs/plugin-vue@5.0.0':
    resolution: {integrity: sha512-7x5e8X4J1Wi4NxudGjJBd2OFerAi/0nzF80ojCzvfj347WVr0YSn82C8BSsgwSHzlk9Kw5xnZfj0/7RLnNwP5w==}
    engines: {node: ^18.0.0 || >=20.0.0}
    peerDependencies:
      vite: ^5.0.0
      vue: ^3.2.25

  '@volar/language-core@2.1.0':
    resolution: {integrity: sha512-BrYEgYHx92ocpt1OUxJs2x3TAXEjpPLxsQoARb96g2GdF62xnfRQUqCNBwiU7Z3MQ/0tOAdqdHNYNmrFtx6q4A==}

  '@volar/source-map@2.1.0':
    resolution: {integrity: sha512-VPyi+DTv67cvUOkUewzsOQJY3VUhjOjQxigT487z/H7tEI8ZFd5RksC5afk3JelOK+a/3Y8LRDbKmYKu1dz87g==}

  '@volar/typescript@2.1.0':
    resolution: {integrity: sha512-2cicVoW4q6eU/omqfOBv+6r9JdrF5bBelujbJhayPNKiOj/xwotSJ/DM8IeMvTZvtkOZkm6suyOCLEokLY0w2w==}

  '@vue/compiler-core@3.5.34':
    resolution: {integrity: sha512-s9cLyK5mLcvZ4Agva5QgRsQyLKvts9WbU9DB6NqiZkkGEdwmcEiylj5Jbwkp680drF/NNCV8OlAJSe+yMLxaJw==}

  '@vue/compiler-dom@3.5.34':
    resolution: {integrity: sha512-EbF/T++k0e2MMZlJsBhzK8Sgwt0HcIPOhzn1CTB/lv6sQcyk+OWf8YeiLxZp3ro7MbbLcAfAJ6sEvjFWuNgUCw==}

  '@vue/compiler-sfc@3.5.34':
    resolution: {integrity: sha512-D/ihr6uZeIt6r+pVZf46RWT1fAsLFMbUP7k8G1VkiiWexriED9GrX3echHd4Abbt17zjlfiFJ8z7a3BxZOPNjg==}

  '@vue/compiler-ssr@3.5.34':
    resolution: {integrity: sha512-cDtTHKibkThKGHH1SP+WdccquNRYQDFH6rRjQCqT9G2ltFAfoR5pUftpab/z+aM5mW9HLLVQW7hfKKQe/1GBeQ==}

  '@vue/devtools-api@6.6.3':
    resolution: {integrity: sha512-0MiMsFma/HqA6g3KLKn+AGpL1kgKhFWszC9U29NfpWK5LE7bjeXxySWJrOJ77hBz+TBrBQ7o4QJqbPbqbs8rJw==}

  '@vue/devtools-api@6.6.4':
    resolution: {integrity: sha512-sGhTPMuXqZ1rVOk32RylztWkfXTRhuS7vgAKv0zjqk8gbsHkJ7xfFf+jbySxt7tWObEJwyKaHMikV/WGDiQm8g==}

  '@vue/language-core@2.0.0':
    resolution: {integrity: sha512-NVF9aRtJ7KrT2U6gAj2Er3P4jmHVL58Erwc7eBAzU4k0lbFf/vEEg0IU1kriJrqYPadzlgokFvL1cfCD2pZl1Q==}
    peerDependencies:
      typescript: '*'
    peerDependenciesMeta:
      typescript:
        optional: true

  '@vue/reactivity@3.5.34':
    resolution: {integrity: sha512-y9XDjCEuBp+98k+UL5dbYkh57AHU4o6cxZedOPXw3bmrZZYLQsVHguGurq7hVrPCSrQtrnz1f9dssyFr+dMXfQ==}

  '@vue/runtime-core@3.5.34':
    resolution: {integrity: sha512-mKeBYvu8tcMSLhypAHBmriUFfWXKTCF/23Z4jiCoYK3UtWepkliViNLuR90V9XOyD62mUxs9p1jsrpK3CCGIzw==}

  '@vue/runtime-dom@3.5.34':
    resolution: {integrity: sha512-e8kZzERmCwUnBRVsgSQlAfrfU2rGoy0FFKPBXSlfEjc/O3KfA7QP0t1/2ZylrbchjmIKB4dPTd07A6WPr0eOrg==}

  '@vue/server-renderer@3.5.34':
    resolution: {integrity: sha512-nHxmJoTrKsmrkbILRhkC9gY1G3moZbJTqCzDd7DOOzG5KH9oeJ0Unqrff5f9v0pW//jES05ZkJcNtfE8JjOIew==}
    peerDependencies:
      vue: 3.5.34

  '@vue/shared@3.5.34':
    resolution: {integrity: sha512-24uqU4OIiX29ryC3MeWid/Xf2fa2EFRUVLb77nRhk+UrTVrh/XiGtFAFmJBAtBRbjwNdsPRP+jj/OL27Eg1NDA==}

  '@vueuse/core@14.3.0':
    resolution: {integrity: sha512-aHfz47g0ZhMtTVHmIzMVpJy8ePhhOy68GY5bv110+5DVtZ+W7BsOx+m61UNQqfrWyPztIHIanWa3E2tib3NFIw==}
    peerDependencies:
      vue: ^3.5.0

  '@vueuse/metadata@14.3.0':
    resolution: {integrity: sha512-BwxmbAzwAVF50+MW57GXOUEV61nFBGnlBvrTqj49PqWJu3uw7hdu72ztXeZ33RdZtDY6kO+bfCAE1PCn88Tktw==}

  '@vueuse/shared@14.3.0':
    resolution: {integrity: sha512-bZpge9eSXwa4ToSiqJ7j6KRwhAsneMFoSz3LMWKQDkqimm3D/tbFlrklrs/IOqC8tEcYmXQZJ6N0UrjhBirVCg==}
    peerDependencies:
      vue: ^3.5.0

  agent-base@6.0.0:
    resolution: {integrity: sha512-j1Q7cSCqN+AwrmDd+pzgqc0/NpC655x2bUf5ZjRIO77DcNBFmh+OgRNzF6OKdCC9RSCb19fGd99+bhXFdkRNqw==}
    engines: {node: '>= 6.0.0'}

  async-validator@4.2.5:
    resolution: {integrity: sha512-7HhHjtERjqlNbZtqNqy2rckN/SpOOlmDliet+lP7k+eKZEjPk3DgyeU9lIXLdeLz0uBbbVp+9Qdow9wJWgwwfg==}

  asynckit@0.4.0:
    resolution: {integrity: sha512-Oei9OH4tRh0YqU3GxhX79dM/mwVgvbZJaSNaRk+bshkj0S5cfHcgYakreBjrHwatXKbz+IoIdYLxrKim2MjW0Q==}

  axios@1.16.1:
    resolution: {integrity: sha512-caYkukvroVPO8KrzuJEb50Hm07KwfBZPEC3VeFHTsqWHvKTsy54hjJz9BS/cdaypROE2rH6xvm9mHX4fgWkr3A==}

  balanced-match@1.0.0:
    resolution: {integrity: sha512-9Y0g0Q8rmSt+H33DfKv7FOc3v+iRI+o1lbzt8jGcIosYW37IIW/2XVYq5NPdmaD5NQ59Nk26Kl/vZbwW9Fr8vg==}

  brace-expansion@2.1.1:
    resolution: {integrity: sha512-WR1cURNjuvBLMZBMbqM0UoE+WAfdUcEV1ccD8PVBVOI+Z3ND4+SZbN8RsfT2bMuG1qwz5RFvPukSZm5fF2D5eA==}

  call-bind-apply-helpers@1.0.2:
    resolution: {integrity: sha512-Sp1ablJ0ivDkSzjcaJdxEunN5/XvksFJ2sMBFfq6x0ryhQV/2b/KwFe21cMpmHtPOSij8K99/wSfoEuTObmuMQ==}
    engines: {node: '>= 0.4'}

  combined-stream@1.0.8:
    resolution: {integrity: sha512-FQN4MRfuJeHf7cBbBMJFXhKSDq+2kAArBlmRBvcvFE5BB1HZKXtSFASDhdlz9zOYwxh8lDdnvmMOe/+5cdoEdg==}
    engines: {node: '>= 0.8'}

  computeds@0.0.1:
    resolution: {integrity: sha512-7CEBgcMjVmitjYo5q8JTJVra6X5mQ20uTThdK+0kR7UEaDrAWEQcRiBtWJzga4eRpP6afNwwLsX2SET2JhVB1Q==}

  csstype@3.2.3:
    resolution: {integrity: sha512-z1HGKcYy2xA8AGQfwrn0PAy+PB7X/GSj3UVJW9qKyn43xWa+gl5nXmU4qqLMRzWVLFC8KusUX8T/0kCiOYpAIQ==}

  dayjs@1.11.21:
    resolution: {integrity: sha512-98IT+HOahAisibz/yjKbzuOBwYcjJ7BCLPzARyHiyEBmRz4fatF+KPJszEHXsGYjUG234aH/cOjW1wwTbKUZlA==}

  de-indent@1.0.2:
    resolution: {integrity: sha512-e/1zu3xH5MQryN2zdVaF0OrdNLUbvWxzMbi+iNA6Bky7l1RoP8a2fIbRocyHclXt/arDrrR6lL3TqFD9pMQTsg==}

  debug@4.4.3:
    resolution: {integrity: sha512-RGwwWnwQvkVfavKVt22FGLw+xYSdzARwm0ru6DhTVA3umU5hZc28V3kO4stgYryrTlLpuvgI9GiijltAjNbcqA==}
    engines: {node: '>=6.0'}
    peerDependencies:
      supports-color: '*'
    peerDependenciesMeta:
      supports-color:
        optional: true

  delayed-stream@1.0.0:
    resolution: {integrity: sha512-ZySD7Nf91aLB0RxL4KGrKHBXl7Eds1DAmEdcoVawXnLD7SDhpNgtuII2aAkg7a7QS41jxPSZ17p4VdGnMHk3MQ==}
    engines: {node: '>=0.4.0'}

  dunder-proto@1.0.1:
    resolution: {integrity: sha512-KIN/nDJBQRcXw0MLVhZE9iQHmG68qAVIBg9CqmUYjmQIhgij9U5MFvrqkUL5FbtyyzZuOeOt0zdeRe4UY7ct+A==}
    engines: {node: '>= 0.4'}

  element-plus@2.14.0:
    resolution: {integrity: sha512-POgH+TtoreaEKWqYYAVQyE6i8rQMEFqAEublyF29dBA5yASWPLKY6EzfeqBTr2Uv26mPss4vSrMrNPyaK7LX5w==}
    peerDependencies:
      vue: ^3.3.7

  entities@7.0.1:
    resolution: {integrity: sha512-TWrgLOFUQTH994YUyl1yT4uyavY5nNB5muff+RtWaqNVCAK408b5ZnnbNAUEWLTCpum9w6arT70i1XdQ4UeOPA==}
    engines: {node: '>=0.12'}

  es-define-property@1.0.1:
    resolution: {integrity: sha512-e3nRfgfUZ4rNGL232gUgX06QNyyez04KdjFrF+LTRoOXmrOgFKDg4BCdsjW8EnT69eqdYGmRpJwiPVYNrCaW3g==}
    engines: {node: '>= 0.4'}

  es-errors@1.3.0:
    resolution: {integrity: sha512-Zf5H2Kxt2xjTvbJvP2ZWLEICxA6j+hAmMzIlypy4xcBg1vKVnx89Wy0GbS+kf5cwCVFFzdCFh2XSCFNULS6csw==}
    engines: {node: '>= 0.4'}

  es-object-atoms@1.1.2:
    resolution: {integrity: sha512-HWcBoN6NileqtSydK2FqHbS/LoDd2pqrnQHLyJzBj4kOp/ky2MWMN694xOfkK8/SnUsW2DH7EfyVlydKCsm1Zw==}
    engines: {node: '>= 0.4'}

  es-set-tostringtag@2.1.0:
    resolution: {integrity: sha512-j6vWzfrGVfyXxge+O0x5sh6cvxAog0a/4Rdd2K36zCMV5eJ+/+tOAngRO8cODMNWbVRdVlmGZQL2YS3yR8bIUA==}
    engines: {node: '>= 0.4'}

  esbuild@0.21.3:
    resolution: {integrity: sha512-Kgq0/ZsAPzKrbOjCQcjoSmPoWhlcVnGAUo7jvaLHoxW1Drto0KGkR1xBNg2Cp43b9ImvxmPEJZ9xkfcnqPsfBw==}
    engines: {node: '>=12'}
    hasBin: true

  estree-walker@2.0.2:
    resolution: {integrity: sha512-Rfkk/Mp/DL7JVje3u18FxFujQlTNR2q6QfMSMB7AvCBx91NGj/ba3kCfza0f6dVDbw7YlRf/nDrn7pQrCCyQ/w==}

  follow-redirects@1.16.0:
    resolution: {integrity: sha512-y5rN/uOsadFT/JfYwhxRS5R7Qce+g3zG97+JrtFZlC9klX/W5hD7iiLzScI4nZqUS7DNUdhPgw4xI8W2LuXlUw==}
    engines: {node: '>=4.0'}
    peerDependencies:
      debug: '*'
    peerDependenciesMeta:
      debug:
        optional: true

  form-data@4.0.5:
    resolution: {integrity: sha512-8RipRLol37bNs2bhoV67fiTEvdTrbMUYcFTiy3+wuuOnUog2QBHCZWXDRijWQfAkhBj2Uf5UnVaiWwA5vdd82w==}
    engines: {node: '>= 6'}

  fsevents@2.3.3:
    resolution: {integrity: sha512-5xoDfX+fL7faATnagmWPpbFtwh/R77WmMMqqHGS65C3vvB0YHrgF+B1YmZ3441tMj5n63k0212XNoJwzlhffQw==}
    engines: {node: ^8.16.0 || ^10.6.0 || >=11.0.0}
    os: [darwin]

  function-bind@1.1.2:
    resolution: {integrity: sha512-7XHNxH7qX9xG5mIwxkhumTox/MIRNcOgDrxWsMt2pAr23WHp6MrRlN7FBSFpCpr+oVO0F744iUgR82nJMfG2SA==}

  get-intrinsic@1.3.0:
    resolution: {integrity: sha512-9fSjSaos/fRIVIp+xSJlE6lfwhES7LNtKaCBIamHsjr2na1BiABJPo0mOjjz8GJDURarmCPGqaiVg5mfjb98CQ==}
    engines: {node: '>= 0.4'}

  get-proto@1.0.1:
    resolution: {integrity: sha512-sTSfBjoXBp89JvIKIefqw7U2CCebsc74kiY6awiGogKtoSGbgjYE/G/+l9sF3MWFPNc9IcoOC4ODfKHfxFmp0g==}
    engines: {node: '>= 0.4'}

  gopd@1.2.0:
    resolution: {integrity: sha512-ZUKRh6/kUFoAiTAtTYPZJ3hw9wNxx+BIBOijnlG9PnrJsCcSjs1wyyD6vJpaYtgnzDrKYRSqf3OO6Rfa93xsRg==}
    engines: {node: '>= 0.4'}

  has-symbols@1.1.0:
    resolution: {integrity: sha512-1cDNdwJ2Jaohmb3sg4OmKaMBwuC48sYni5HUw2DvsC8LjGTLK9h+eb1X6RyuOHe4hT0ULCW68iomhjUoKUqlPQ==}
    engines: {node: '>= 0.4'}

  has-tostringtag@1.0.2:
    resolution: {integrity: sha512-NqADB8VjPFLM2V0VvHUewwwsw0ZWBaIdgo+ieHtK3hasLz4qeCRjYcqfB6AQrBggRKppKF8L52/VqdVsO47Dlw==}
    engines: {node: '>= 0.4'}

  hasown@2.0.3:
    resolution: {integrity: sha512-ej4AhfhfL2Q2zpMmLo7U1Uv9+PyhIZpgQLGT1F9miIGmiCJIoCgSmczFdrc97mWT4kVY72KA+WnnhJ5pghSvSg==}
    engines: {node: '>= 0.4'}

  he@1.2.0:
    resolution: {integrity: sha512-F/1DnUGPopORZi0ni+CvrCgHQ5FyEAHRLSApuYWMmrbSwoN2Mn/7k+Gl38gJnR7yyDZk6WLXwiGod1JOWNDKGw==}
    hasBin: true

  https-proxy-agent@5.0.1:
    resolution: {integrity: sha512-dFcAjpTQFgoLMzC2VwU+C/CbS7uRL0lWmxDITmqm7C+7F0Odmj6s9l6alZc6AELXhrnggM2CeWSXHGOdX2YtwA==}
    engines: {node: '>= 6'}

  lodash-es@4.18.1:
    resolution: {integrity: sha512-J8xewKD/Gk22OZbhpOVSwcs60zhd95ESDwezOFuA3/099925PdHJ7OFHNTGtajL3AlZkykD32HykiMo+BIBI8A==}

  lodash-unified@1.0.3:
    resolution: {integrity: sha512-WK9qSozxXOD7ZJQlpSqOT+om2ZfcT4yO+03FuzAHD0wF6S0l0090LRPDx3vhTTLZ8cFKpBn+IOcVXK6qOcIlfQ==}
    peerDependencies:
      '@types/lodash-es': '*'
      lodash: '*'
      lodash-es: '*'

  lodash@4.18.1:
    resolution: {integrity: sha512-dMInicTPVE8d1e5otfwmmjlxkZoUpiVLwyeTdUsi/Caj/gfzzblBcCE5sRHV/AsjuCmxWrte2TNGSYuCeCq+0Q==}

  magic-string@0.30.21:
    resolution: {integrity: sha512-vd2F4YUyEXKGcLHoq+TEyCjxueSeHnFxyyjNp80yg0XV4vUhnDer/lvvlqM/arB5bXQN5K2/3oinyCRyx8T2CQ==}

  math-intrinsics@1.1.0:
    resolution: {integrity: sha512-/IXtbwEk5HTPyEwyKX6hGkYXxM9nbj64B+ilVJnC/R6B0pH5G4V3b0pVbL7DBj4tkhBAppbQUlf6F6Xl9LHu1g==}
    engines: {node: '>= 0.4'}

  memoize-one@6.0.0:
    resolution: {integrity: sha512-rkpe71W0N0c0Xz6QD0eJETuWAJGnJ9afsl1srmwPrI+yBCkge5EycXXbYRyvL29zZVUWQCY7InPRCv3GDXuZNw==}

  mime-db@1.52.0:
    resolution: {integrity: sha512-sPU4uV7dYlvtWJxwwxHD0PuihVNiE7TyAbQ5SWxDCB9mUYvOgroQOwYQQOKPJ8CIbE+1ETVlOoK1UC2nU3gYvg==}
    engines: {node: '>= 0.6'}

  mime-types@2.1.35:
    resolution: {integrity: sha512-ZDY+bPm5zTTF+YpCrAU9nK0UgICYPT0QtT1NZWFv4s++TNkcgVaT0g6+4R2uI4MjQjzysHB1zxuWL50hzaeXiw==}
    engines: {node: '>= 0.6'}

  minimatch@9.0.9:
    resolution: {integrity: sha512-OBwBN9AL4dqmETlpS2zasx+vTeWclWzkblfZk7KTA5j3jeOONz/tRCnZomUyvNg83wL5Zv9Ss6HMJXAgL8R2Yg==}
    engines: {node: '>=16 || 14 >=14.17'}

  mousetrap@1.6.5:
    resolution: {integrity: sha512-QNo4kEepaIBwiT8CDhP98umTetp+JNfQYBWvC1pc6/OAibuXtRcxZ58Qz8skvEHYvURne/7R8T5VoOI7rDsEUA==}

  ms@2.1.3:
    resolution: {integrity: sha512-6FlzubTLZG3J2a/NVCAleEhjzq5oxgHyaCU9yYXvcLsvoVaHJq/s5xXI6/XXP6tz7R9xAOtHnSO/tXtF3WRTlA==}

  muggle-string@0.4.1:
    resolution: {integrity: sha512-VNTrAak/KhO2i8dqqnqnAHOa3cYBwXEZe9h+D5h/1ZqFSTEFHdM65lR7RoIqq3tBBYavsOXV84NoHXZ0AkPyqQ==}

  nanoid@3.3.12:
    resolution: {integrity: sha512-ZB9RH/39qpq5Vu6Y+NmUaFhQR6pp+M2Xt76XBnEwDaGcVAqhlvxrl3B2bKS5D3NH3QR76v3aSrKaF/Kiy7lEtQ==}
    engines: {node: ^10 || ^12 || ^13.7 || ^14 || >=15.0.1}
    hasBin: true

  normalize-wheel-es@1.2.0:
    resolution: {integrity: sha512-Wj7+EJQ8mSuXr2iWfnujrimU35R2W4FAErEyTmJoJ7ucwTn2hOUSsRehMb5RSYkxXGTM7Y9QpvPmp++w5ftoJw==}

  path-browserify@1.0.1:
    resolution: {integrity: sha512-b7uo2UCUOYZcnF/3ID0lulOJi/bafxa1xPe7ZPsammBSpjSWQkjNxlt635YGS2MiR9GjvuXCtz2emr3jbsz98g==}

  picocolors@1.1.1:
    resolution: {integrity: sha512-xceH2snhtb5M9liqDsmEw56le376mTZkEX/jEb/RxNFyegNul7eNslCXP9FDj/Lcu0X8KEyMceP2ntpaHrDEVA==}

  pinia@2.3.1:
    resolution: {integrity: sha512-khUlZSwt9xXCaTbbxFYBKDc/bWAGWJjOgvxETwkTN7KRm66EeT1ZdZj6i2ceh9sP2Pzqsbc704r2yngBrxBVug==}
    peerDependencies:
      typescript: '>=4.4.4'
      vue: ^2.7.0 || ^3.5.11
    peerDependenciesMeta:
      typescript:
        optional: true

  postcss@8.5.15:
    resolution: {integrity: sha512-FfR8sjd4em2T6fb3I2MwAJU7HWVMr9zba+enmQeeWFfCbm+UOC/0X4DS8XtpUTMwWMGbjKYP7xjfNekzyGmB3A==}
    engines: {node: ^10 || ^12 || >=14}

  proxy-from-env@2.1.0:
    resolution: {integrity: sha512-cJ+oHTW1VAEa8cJslgmUZrc+sjRKgAKl3Zyse6+PV38hZe/V6Z14TbCuXcan9F9ghlz4QrFr2c92TNF82UkYHA==}
    engines: {node: '>=10'}

  rollup@4.60.4:
    resolution: {integrity: sha512-WHeFSbZYsPu3+bLoNRUuAO+wavNlocOPf3wSHTP7hcFKVnJeWsYlCDbr3mTS14FCizf9ccIxXA8sGL8zKeQN3g==}
    engines: {node: '>=18.0.0', npm: '>=8.0.0'}
    hasBin: true

  semver@7.8.1:
    resolution: {integrity: sha512-rkVq3IXh+4FDGch+KwzX3aV9W3kO54GyEgpvBzSyctDA6Xtd7RJQV1xmXbeQp5v7+VzLOfVqiutSE6GICgPFvg==}
    engines: {node: '>=10'}
    hasBin: true

  source-map-js@1.2.1:
    resolution: {integrity: sha512-UXWMKhLOwVKb728IUtQPXxfYU+usdybtUrK/8uGE8CQMvrhOpwvzDBwj0QhSL7MQc7vIsISBG8VQ8+IDQxpfQA==}
    engines: {node: '>=0.10.0'}

  typescript@5.4.2:
    resolution: {integrity: sha512-+2/g0Fds1ERlP6JsakQQDXjZdZMM+rqpamFZJEKh4kwTIn3iDkgKtby0CeNd5ATNZ4Ry1ax15TMx0W2V+miizQ==}
    engines: {node: '>=14.17'}
    hasBin: true

  undici-types@6.21.0:
    resolution: {integrity: sha512-iwDZqg0QAGrg9Rav5H4n0M64c3mkR59cJ6wQp+7C4nI0gsmExaedaYLNO44eT4AtBBwjbTiGPMlt2Md0T9H9JQ==}

  utility-types@3.11.0:
    resolution: {integrity: sha512-6Z7Ma2aVEWisaL6TvBCy7P8rm2LQoPv6dJ7ecIaIixHcwfbJ0x7mWdbcwlIM5IGQxPZSFYeqRCqlOOeKoJYMkw==}
    engines: {node: '>= 4'}

  vite@5.4.0:
    resolution: {integrity: sha512-5xokfMX0PIiwCMCMb9ZJcMyh5wbBun0zUzKib+L65vAZ8GY9ePZMXxFrHbr/Kyll2+LSCY7xtERPpxkBDKngwg==}
    engines: {node: ^18.0.0 || >=20.0.0}
    hasBin: true
    peerDependencies:
      '@types/node': ^18.0.0 || >=20.0.0
      less: '*'
      lightningcss: ^1.21.0
      sass: '*'
      sass-embedded: '*'
      stylus: '*'
      sugarss: '*'
      terser: ^5.4.0
    peerDependenciesMeta:
      '@types/node':
        optional: true
      less:
        optional: true
      lightningcss:
        optional: true
      sass:
        optional: true
      sass-embedded:
        optional: true
      stylus:
        optional: true
      sugarss:
        optional: true
      terser:
        optional: true

  vue-component-type-helpers@3.3.2:
    resolution: {integrity: sha512-l4Z2Y34m7nFMlx8vrslJaVtXxUpzgDMSESC7TakG/c5kwjYT/do+E0NcT2/vWDzaoIhsShg/2OKwX7Q4nbzC0g==}

  vue-demi@0.14.10:
    resolution: {integrity: sha512-nMZBOwuzabUO0nLgIcc6rycZEebF6eeUfaiQx9+WSk8e29IbLvPU9feI6tqW4kTo3hvoYAJkMh8n8D0fuISphg==}
    engines: {node: '>=12'}
    hasBin: true
    peerDependencies:
      '@vue/composition-api': ^1.0.0-rc.1
      vue: ^3.0.0-0 || ^2.6.0
    peerDependenciesMeta:
      '@vue/composition-api':
        optional: true

  vue-i18n@9.14.5:
    resolution: {integrity: sha512-0jQ9Em3ymWngyiIkj0+c/k7WgaPO+TNzjKSNq9BvBQaKJECqn9cd9fL4tkDhB5G1QBskGl9YxxbDAhgbFtpe2g==}
    engines: {node: '>= 16'}
    deprecated: v9 and v10 no longer supported. please migrate to v11. about maintenance status, see https://vue-i18n.intlify.dev/guide/maintenance.html
    peerDependencies:
      vue: ^3.0.0

  vue-router@4.6.4:
    resolution: {integrity: sha512-Hz9q5sa33Yhduglwz6g9skT8OBPii+4bFn88w6J+J4MfEo4KRRpmiNG/hHHkdbRFlLBOqxN8y8gf2Fb0MTUgVg==}
    peerDependencies:
      vue: ^3.5.0

  vue-template-compiler@2.7.16:
    resolution: {integrity: sha512-AYbUWAJHLGGQM7+cNTELw+KsOG9nl2CnSv467WobS5Cv9uk3wFcnr1Etsz2sEIHEZvw1U+o9mRlEO6QbZvUPGQ==}

  vue-tsc@2.0.0:
    resolution: {integrity: sha512-+5ykgWkeSRvGd43rjRViD/7rLsva1Dhd/gljDJcZuW/DQab7XttC3amZDUWtDNJtoXs+ACiZLUAaVvYtD7edhw==}
    hasBin: true
    peerDependencies:
      typescript: '*'

  vue@3.5.34:
    resolution: {integrity: sha512-WdLBG9gm02OgJIG9axd5Hpx0TFLdzVgfG2evFFu8Rur5O/IoGc5cMjnjh3tPL6GnRGsYvUhBSKVPYVcxRKpMCA==}
    peerDependencies:
      typescript: '*'
    peerDependenciesMeta:
      typescript:
        optional: true

snapshots:

  '@antv/x6-common@2.0.16':
    dependencies:
      lodash-es: 4.18.1
      utility-types: 3.11.0

  '@antv/x6-geometry@2.0.5': {}

  '@antv/x6-plugin-clipboard@2.1.6(@antv/x6@2.19.2)':
    dependencies:
      '@antv/x6': 2.19.2

  '@antv/x6-plugin-dnd@2.1.1(@antv/x6@2.19.2)':
    dependencies:
      '@antv/x6': 2.19.2

  '@antv/x6-plugin-history@2.2.4(@antv/x6@2.19.2)':
    dependencies:
      '@antv/x6': 2.19.2

  '@antv/x6-plugin-keyboard@2.2.3(@antv/x6@2.19.2)':
    dependencies:
      '@antv/x6': 2.19.2
      mousetrap: 1.6.5

  '@antv/x6-plugin-minimap@2.0.7(@antv/x6@2.19.2)':
    dependencies:
      '@antv/x6': 2.19.2

  '@antv/x6-plugin-selection@2.2.2(@antv/x6@2.19.2)':
    dependencies:
      '@antv/x6': 2.19.2

  '@antv/x6-plugin-snapline@2.1.7(@antv/x6@2.19.2)':
    dependencies:
      '@antv/x6': 2.19.2

  '@antv/x6-plugin-transform@2.1.8(@antv/x6@2.19.2)':
    dependencies:
      '@antv/x6': 2.19.2

  '@antv/x6@2.19.2':
    dependencies:
      '@antv/x6-common': 2.0.16
      '@antv/x6-geometry': 2.0.5
      utility-types: 3.11.0

  '@babel/helper-string-parser@7.29.7': {}

  '@babel/helper-validator-identifier@7.29.7': {}

  '@babel/parser@7.29.7':
    dependencies:
      '@babel/types': 7.29.7

  '@babel/types@7.29.7':
    dependencies:
      '@babel/helper-string-parser': 7.29.7
      '@babel/helper-validator-identifier': 7.29.7

  '@ctrl/tinycolor@4.2.0': {}

  '@element-plus/icons-vue@2.3.2(vue@3.5.34(typescript@5.4.2))':
    dependencies:
      vue: 3.5.34(typescript@5.4.2)

  '@esbuild/aix-ppc64@0.21.3':
    optional: true

  '@esbuild/android-arm64@0.21.3':
    optional: true

  '@esbuild/android-arm@0.21.3':
    optional: true

  '@esbuild/android-x64@0.21.3':
    optional: true

  '@esbuild/darwin-arm64@0.21.3':
    optional: true

  '@esbuild/darwin-x64@0.21.3':
    optional: true

  '@esbuild/freebsd-arm64@0.21.3':
    optional: true

  '@esbuild/freebsd-x64@0.21.3':
    optional: true

  '@esbuild/linux-arm64@0.21.3':
    optional: true

  '@esbuild/linux-arm@0.21.3':
    optional: true

  '@esbuild/linux-ia32@0.21.3':
    optional: true

  '@esbuild/linux-loong64@0.21.3':
    optional: true

  '@esbuild/linux-mips64el@0.21.3':
    optional: true

  '@esbuild/linux-ppc64@0.21.3':
    optional: true

  '@esbuild/linux-riscv64@0.21.3':
    optional: true

  '@esbuild/linux-s390x@0.21.3':
    optional: true

  '@esbuild/linux-x64@0.21.3':
    optional: true

  '@esbuild/netbsd-x64@0.21.3':
    optional: true

  '@esbuild/openbsd-x64@0.21.3':
    optional: true

  '@esbuild/sunos-x64@0.21.3':
    optional: true

  '@esbuild/win32-arm64@0.21.3':
    optional: true

  '@esbuild/win32-ia32@0.21.3':
    optional: true

  '@esbuild/win32-x64@0.21.3':
    optional: true

  '@floating-ui/core@1.7.5':
    dependencies:
      '@floating-ui/utils': 0.2.11

  '@floating-ui/dom@1.7.6':
    dependencies:
      '@floating-ui/core': 1.7.5
      '@floating-ui/utils': 0.2.11

  '@floating-ui/utils@0.2.11': {}

  '@intlify/core-base@9.14.5':
    dependencies:
      '@intlify/message-compiler': 9.14.5
      '@intlify/shared': 9.14.5

  '@intlify/message-compiler@9.14.5':
    dependencies:
      '@intlify/shared': 9.14.5
      source-map-js: 1.2.1

  '@intlify/shared@9.14.5': {}

  '@jridgewell/sourcemap-codec@1.5.5': {}

  '@rollup/rollup-android-arm-eabi@4.60.4':
    optional: true

  '@rollup/rollup-android-arm64@4.60.4':
    optional: true

  '@rollup/rollup-darwin-arm64@4.60.4':
    optional: true

  '@rollup/rollup-darwin-x64@4.60.4':
    optional: true

  '@rollup/rollup-freebsd-arm64@4.60.4':
    optional: true

  '@rollup/rollup-freebsd-x64@4.60.4':
    optional: true

  '@rollup/rollup-linux-arm-gnueabihf@4.60.4':
    optional: true

  '@rollup/rollup-linux-arm-musleabihf@4.60.4':
    optional: true

  '@rollup/rollup-linux-arm64-gnu@4.60.4':
    optional: true

  '@rollup/rollup-linux-arm64-musl@4.60.4':
    optional: true

  '@rollup/rollup-linux-loong64-gnu@4.60.4':
    optional: true

  '@rollup/rollup-linux-loong64-musl@4.60.4':
    optional: true

  '@rollup/rollup-linux-ppc64-gnu@4.60.4':
    optional: true

  '@rollup/rollup-linux-ppc64-musl@4.60.4':
    optional: true

  '@rollup/rollup-linux-riscv64-gnu@4.60.4':
    optional: true

  '@rollup/rollup-linux-riscv64-musl@4.60.4':
    optional: true

  '@rollup/rollup-linux-s390x-gnu@4.60.4':
    optional: true

  '@rollup/rollup-linux-x64-gnu@4.60.4':
    optional: true

  '@rollup/rollup-linux-x64-musl@4.60.4':
    optional: true

  '@rollup/rollup-openbsd-x64@4.60.4':
    optional: true

  '@rollup/rollup-openharmony-arm64@4.60.4':
    optional: true

  '@rollup/rollup-win32-arm64-msvc@4.60.4':
    optional: true

  '@rollup/rollup-win32-ia32-msvc@4.60.4':
    optional: true

  '@rollup/rollup-win32-x64-gnu@4.60.4':
    optional: true

  '@rollup/rollup-win32-x64-msvc@4.60.4':
    optional: true

  '@sxzz/popperjs-es@2.11.8': {}

  '@types/estree@1.0.8': {}

  '@types/lodash-es@4.17.12':
    dependencies:
      '@types/lodash': 4.17.24

  '@types/lodash@4.17.24': {}

  '@types/node@20.19.41':
    dependencies:
      undici-types: 6.21.0

  '@types/web-bluetooth@0.0.21': {}

  '@vitejs/plugin-vue@5.0.0(vite@5.4.0(@types/node@20.19.41))(vue@3.5.34(typescript@5.4.2))':
    dependencies:
      vite: 5.4.0(@types/node@20.19.41)
      vue: 3.5.34(typescript@5.4.2)

  '@volar/language-core@2.1.0':
    dependencies:
      '@volar/source-map': 2.1.0

  '@volar/source-map@2.1.0':
    dependencies:
      muggle-string: 0.4.1

  '@volar/typescript@2.1.0':
    dependencies:
      '@volar/language-core': 2.1.0
      path-browserify: 1.0.1

  '@vue/compiler-core@3.5.34':
    dependencies:
      '@babel/parser': 7.29.7
      '@vue/shared': 3.5.34
      entities: 7.0.1
      estree-walker: 2.0.2
      source-map-js: 1.2.1

  '@vue/compiler-dom@3.5.34':
    dependencies:
      '@vue/compiler-core': 3.5.34
      '@vue/shared': 3.5.34

  '@vue/compiler-sfc@3.5.34':
    dependencies:
      '@babel/parser': 7.29.7
      '@vue/compiler-core': 3.5.34
      '@vue/compiler-dom': 3.5.34
      '@vue/compiler-ssr': 3.5.34
      '@vue/shared': 3.5.34
      estree-walker: 2.0.2
      magic-string: 0.30.21
      postcss: 8.5.15
      source-map-js: 1.2.1

  '@vue/compiler-ssr@3.5.34':
    dependencies:
      '@vue/compiler-dom': 3.5.34
      '@vue/shared': 3.5.34

  '@vue/devtools-api@6.6.3': {}

  '@vue/devtools-api@6.6.4': {}

  '@vue/language-core@2.0.0(typescript@5.4.2)':
    dependencies:
      '@volar/language-core': 2.1.0
      '@vue/compiler-dom': 3.5.34
      '@vue/shared': 3.5.34
      computeds: 0.0.1
      minimatch: 9.0.9
      path-browserify: 1.0.1
      vue-template-compiler: 2.7.16
    optionalDependencies:
      typescript: 5.4.2

  '@vue/reactivity@3.5.34':
    dependencies:
      '@vue/shared': 3.5.34

  '@vue/runtime-core@3.5.34':
    dependencies:
      '@vue/reactivity': 3.5.34
      '@vue/shared': 3.5.34

  '@vue/runtime-dom@3.5.34':
    dependencies:
      '@vue/reactivity': 3.5.34
      '@vue/runtime-core': 3.5.34
      '@vue/shared': 3.5.34
      csstype: 3.2.3

  '@vue/server-renderer@3.5.34(vue@3.5.34(typescript@5.4.2))':
    dependencies:
      '@vue/compiler-ssr': 3.5.34
      '@vue/shared': 3.5.34
      vue: 3.5.34(typescript@5.4.2)

  '@vue/shared@3.5.34': {}

  '@vueuse/core@14.3.0(vue@3.5.34(typescript@5.4.2))':
    dependencies:
      '@types/web-bluetooth': 0.0.21
      '@vueuse/metadata': 14.3.0
      '@vueuse/shared': 14.3.0(vue@3.5.34(typescript@5.4.2))
      vue: 3.5.34(typescript@5.4.2)

  '@vueuse/metadata@14.3.0': {}

  '@vueuse/shared@14.3.0(vue@3.5.34(typescript@5.4.2))':
    dependencies:
      vue: 3.5.34(typescript@5.4.2)

  agent-base@6.0.0:
    dependencies:
      debug: 4.4.3
    transitivePeerDependencies:
      - supports-color

  async-validator@4.2.5: {}

  asynckit@0.4.0: {}

  axios@1.16.1:
    dependencies:
      follow-redirects: 1.16.0
      form-data: 4.0.5
      https-proxy-agent: 5.0.1
      proxy-from-env: 2.1.0
    transitivePeerDependencies:
      - debug
      - supports-color

  balanced-match@1.0.0: {}

  brace-expansion@2.1.1:
    dependencies:
      balanced-match: 1.0.0

  call-bind-apply-helpers@1.0.2:
    dependencies:
      es-errors: 1.3.0
      function-bind: 1.1.2

  combined-stream@1.0.8:
    dependencies:
      delayed-stream: 1.0.0

  computeds@0.0.1: {}

  csstype@3.2.3: {}

  dayjs@1.11.21: {}

  de-indent@1.0.2: {}

  debug@4.4.3:
    dependencies:
      ms: 2.1.3

  delayed-stream@1.0.0: {}

  dunder-proto@1.0.1:
    dependencies:
      call-bind-apply-helpers: 1.0.2
      es-errors: 1.3.0
      gopd: 1.2.0

  element-plus@2.14.0(vue@3.5.34(typescript@5.4.2)):
    dependencies:
      '@ctrl/tinycolor': 4.2.0
      '@element-plus/icons-vue': 2.3.2(vue@3.5.34(typescript@5.4.2))
      '@floating-ui/dom': 1.7.6
      '@popperjs/core': '@sxzz/popperjs-es@2.11.8'
      '@types/lodash': 4.17.24
      '@types/lodash-es': 4.17.12
      '@vueuse/core': 14.3.0(vue@3.5.34(typescript@5.4.2))
      async-validator: 4.2.5
      dayjs: 1.11.21
      lodash: 4.18.1
      lodash-es: 4.18.1
      lodash-unified: 1.0.3(@types/lodash-es@4.17.12)(lodash-es@4.18.1)(lodash@4.18.1)
      memoize-one: 6.0.0
      normalize-wheel-es: 1.2.0
      vue: 3.5.34(typescript@5.4.2)
      vue-component-type-helpers: 3.3.2

  entities@7.0.1: {}

  es-define-property@1.0.1: {}

  es-errors@1.3.0: {}

  es-object-atoms@1.1.2:
    dependencies:
      es-errors: 1.3.0

  es-set-tostringtag@2.1.0:
    dependencies:
      es-errors: 1.3.0
      get-intrinsic: 1.3.0
      has-tostringtag: 1.0.2
      hasown: 2.0.3

  esbuild@0.21.3:
    optionalDependencies:
      '@esbuild/aix-ppc64': 0.21.3
      '@esbuild/android-arm': 0.21.3
      '@esbuild/android-arm64': 0.21.3
      '@esbuild/android-x64': 0.21.3
      '@esbuild/darwin-arm64': 0.21.3
      '@esbuild/darwin-x64': 0.21.3
      '@esbuild/freebsd-arm64': 0.21.3
      '@esbuild/freebsd-x64': 0.21.3
      '@esbuild/linux-arm': 0.21.3
      '@esbuild/linux-arm64': 0.21.3
      '@esbuild/linux-ia32': 0.21.3
      '@esbuild/linux-loong64': 0.21.3
      '@esbuild/linux-mips64el': 0.21.3
      '@esbuild/linux-ppc64': 0.21.3
      '@esbuild/linux-riscv64': 0.21.3
      '@esbuild/linux-s390x': 0.21.3
      '@esbuild/linux-x64': 0.21.3
      '@esbuild/netbsd-x64': 0.21.3
      '@esbuild/openbsd-x64': 0.21.3
      '@esbuild/sunos-x64': 0.21.3
      '@esbuild/win32-arm64': 0.21.3
      '@esbuild/win32-ia32': 0.21.3
      '@esbuild/win32-x64': 0.21.3

  estree-walker@2.0.2: {}

  follow-redirects@1.16.0: {}

  form-data@4.0.5:
    dependencies:
      asynckit: 0.4.0
      combined-stream: 1.0.8
      es-set-tostringtag: 2.1.0
      hasown: 2.0.3
      mime-types: 2.1.35

  fsevents@2.3.3:
    optional: true

  function-bind@1.1.2: {}

  get-intrinsic@1.3.0:
    dependencies:
      call-bind-apply-helpers: 1.0.2
      es-define-property: 1.0.1
      es-errors: 1.3.0
      es-object-atoms: 1.1.2
      function-bind: 1.1.2
      get-proto: 1.0.1
      gopd: 1.2.0
      has-symbols: 1.1.0
      hasown: 2.0.3
      math-intrinsics: 1.1.0

  get-proto@1.0.1:
    dependencies:
      dunder-proto: 1.0.1
      es-object-atoms: 1.1.2

  gopd@1.2.0: {}

  has-symbols@1.1.0: {}

  has-tostringtag@1.0.2:
    dependencies:
      has-symbols: 1.1.0

  hasown@2.0.3:
    dependencies:
      function-bind: 1.1.2

  he@1.2.0: {}

  https-proxy-agent@5.0.1:
    dependencies:
      agent-base: 6.0.0
      debug: 4.4.3
    transitivePeerDependencies:
      - supports-color

  lodash-es@4.18.1: {}

  lodash-unified@1.0.3(@types/lodash-es@4.17.12)(lodash-es@4.18.1)(lodash@4.18.1):
    dependencies:
      '@types/lodash-es': 4.17.12
      lodash: 4.18.1
      lodash-es: 4.18.1

  lodash@4.18.1: {}

  magic-string@0.30.21:
    dependencies:
      '@jridgewell/sourcemap-codec': 1.5.5

  math-intrinsics@1.1.0: {}

  memoize-one@6.0.0: {}

  mime-db@1.52.0: {}

  mime-types@2.1.35:
    dependencies:
      mime-db: 1.52.0

  minimatch@9.0.9:
    dependencies:
      brace-expansion: 2.1.1

  mousetrap@1.6.5: {}

  ms@2.1.3: {}

  muggle-string@0.4.1: {}

  nanoid@3.3.12: {}

  normalize-wheel-es@1.2.0: {}

  path-browserify@1.0.1: {}

  picocolors@1.1.1: {}

  pinia@2.3.1(typescript@5.4.2)(vue@3.5.34(typescript@5.4.2)):
    dependencies:
      '@vue/devtools-api': 6.6.3
      vue: 3.5.34(typescript@5.4.2)
      vue-demi: 0.14.10(vue@3.5.34(typescript@5.4.2))
    optionalDependencies:
      typescript: 5.4.2
    transitivePeerDependencies:
      - '@vue/composition-api'

  postcss@8.5.15:
    dependencies:
      nanoid: 3.3.12
      picocolors: 1.1.1
      source-map-js: 1.2.1

  proxy-from-env@2.1.0: {}

  rollup@4.60.4:
    dependencies:
      '@types/estree': 1.0.8
    optionalDependencies:
      '@rollup/rollup-android-arm-eabi': 4.60.4
      '@rollup/rollup-android-arm64': 4.60.4
      '@rollup/rollup-darwin-arm64': 4.60.4
      '@rollup/rollup-darwin-x64': 4.60.4
      '@rollup/rollup-freebsd-arm64': 4.60.4
      '@rollup/rollup-freebsd-x64': 4.60.4
      '@rollup/rollup-linux-arm-gnueabihf': 4.60.4
      '@rollup/rollup-linux-arm-musleabihf': 4.60.4
      '@rollup/rollup-linux-arm64-gnu': 4.60.4
      '@rollup/rollup-linux-arm64-musl': 4.60.4
      '@rollup/rollup-linux-loong64-gnu': 4.60.4
      '@rollup/rollup-linux-loong64-musl': 4.60.4
      '@rollup/rollup-linux-ppc64-gnu': 4.60.4
      '@rollup/rollup-linux-ppc64-musl': 4.60.4
      '@rollup/rollup-linux-riscv64-gnu': 4.60.4
      '@rollup/rollup-linux-riscv64-musl': 4.60.4
      '@rollup/rollup-linux-s390x-gnu': 4.60.4
      '@rollup/rollup-linux-x64-gnu': 4.60.4
      '@rollup/rollup-linux-x64-musl': 4.60.4
      '@rollup/rollup-openbsd-x64': 4.60.4
      '@rollup/rollup-openharmony-arm64': 4.60.4
      '@rollup/rollup-win32-arm64-msvc': 4.60.4
      '@rollup/rollup-win32-ia32-msvc': 4.60.4
      '@rollup/rollup-win32-x64-gnu': 4.60.4
      '@rollup/rollup-win32-x64-msvc': 4.60.4
      fsevents: 2.3.3

  semver@7.8.1: {}

  source-map-js@1.2.1: {}

  typescript@5.4.2: {}

  undici-types@6.21.0: {}

  utility-types@3.11.0: {}

  vite@5.4.0(@types/node@20.19.41):
    dependencies:
      esbuild: 0.21.3
      postcss: 8.5.15
      rollup: 4.60.4
    optionalDependencies:
      '@types/node': 20.19.41
      fsevents: 2.3.3

  vue-component-type-helpers@3.3.2: {}

  vue-demi@0.14.10(vue@3.5.34(typescript@5.4.2)):
    dependencies:
      vue: 3.5.34(typescript@5.4.2)

  vue-i18n@9.14.5(vue@3.5.34(typescript@5.4.2)):
    dependencies:
      '@intlify/core-base': 9.14.5
      '@intlify/shared': 9.14.5
      '@vue/devtools-api': 6.6.3
      vue: 3.5.34(typescript@5.4.2)

  vue-router@4.6.4(vue@3.5.34(typescript@5.4.2)):
    dependencies:
      '@vue/devtools-api': 6.6.4
      vue: 3.5.34(typescript@5.4.2)

  vue-template-compiler@2.7.16:
    dependencies:
      de-indent: 1.0.2
      he: 1.2.0

  vue-tsc@2.0.0(typescript@5.4.2):
    dependencies:
      '@volar/typescript': 2.1.0
      '@vue/language-core': 2.0.0(typescript@5.4.2)
      semver: 7.8.1
      typescript: 5.4.2

  vue@3.5.34(typescript@5.4.2):
    dependencies:
      '@vue/compiler-dom': 3.5.34
      '@vue/compiler-sfc': 3.5.34
      '@vue/runtime-dom': 3.5.34
      '@vue/server-renderer': 3.5.34(vue@3.5.34(typescript@5.4.2))
      '@vue/shared': 3.5.34
    optionalDependencies:
      typescript: 5.4.2
